// !$*UTF8*$!
{
	archiveVersion = 1;
	classes = {
	};
	objectVersion = 48;
	objects = {

/* Begin PBXBuildFile section */
		C114A1A52410024C0014266E /* consentration.swift in Sources */ = {isa = PBXBuildFile; fileRef = C114A1A42410024C0014266E /* consentration.swift */; };
		C114A1A7241003040014266E /* Card.swift in Sources */ = {isa = PBXBuildFile; fileRef = C114A1A6241003040014266E /* Card.swift */; };
		C1DBF65824352D03009D82D9 /* ConsentrationThemeChooserViewController.swift in Sources */ = {isa = PBXBuildFile; fileRef = C1DBF65724352D03009D82D9 /* ConsentrationThemeChooserViewController.swift */; };
		C1F8E6C3240FC7BD00D531DB /* AppDelegate.swift in Sources */ = {isa = PBXBuildFile; fileRef = C1F8E6C2240FC7BD00D531DB /* AppDelegate.swift */; };
		C1F8E6C5240FC7BD00D531DB /* ConsentrationViewControler.swift in Sources */ = {isa = PBXBuildFile; fileRef = C1F8E6C4240FC7BD00D531DB /* ConsentrationViewControler.swift */; };
		C1F8E6C8240FC7BD00D531DB /* Main.storyboard in Resources */ = {isa = PBXBuildFile; fileRef = C1F8E6C6240FC7BD00D531DB /* Main.storyboard */; };
		C1F8E6CA240FC7BD00D531DB /* Assets.xcassets in Resources */ = {isa = PBXBuildFile; fileRef = C1F8E6C9240FC7BD00D531DB /* Assets.xcassets */; };
		C1F8E6CD240FC7BD00D531DB /* LaunchScreen.storyboard in Resources */ = {isa = PBXBuildFile; fileRef = C1F8E6CB240FC7BD00D531DB /* LaunchScreen.storyboard */; };
/* End PBXBuildFile section */

/* Begin PBXFileReference section */
		C114A1A42410024C0014266E /* consentration.swift */ = {isa = PBXFileReference; lastKnownFileType = sourcecode.swift; path = consentration.swift; sourceTree = "<group>"; };
		C114A1A6241003040014266E /* Card.swift */ = {isa = PBXFileReference; lastKnownFileType = sourcecode.swift; path = Card.swift; sourceTree = "<group>"; };
		C1DBF65724352D03009D82D9 /* ConsentrationThemeChooserViewController.swift */ = {isa = PBXFileReference; lastKnownFileType = sourcecode.swift; path = ConsentrationThemeChooserViewController.swift; sourceTree = "<group>"; };
		C1F8E6BF240FC7BD00D531DB /* consentration.app */ = {isa = PBXFileReference; explicitFileType = wrapper.application; includeInIndex = 0; path = consentration.app; sourceTree = BUILT_PRODUCTS_DIR; };
		C1F8E6C2240FC7BD00D531DB /* AppDelegate.swift */ = {isa = PBXFileReference; lastKnownFileType = sourcecode.swift; path = AppDelegate.swift; sourceTree = "<group>"; };
		C1F8E6C4240FC7BD00D531DB /* ConsentrationViewControler.swift */ = {isa = PBXFileReference; lastKnownFileType = sourcecode.swift; path = ConsentrationViewControler.swift; sourceTree = "<group>"; };
		C1F8E6C7240FC7BD00D531DB /* Base */ = {isa = PBXFileReference; lastKnownFileType = file.storyboard; name = Base; path = Base.lproj/Main.storyboard; sourceTree = "<group>"; };
		C1F8E6C9240FC7BD00D531DB /* Assets.xcassets */ = {isa = PBXFileReference; lastKnownFileType = folder.assetcatalog; path = Assets.xcassets; sourceTree = "<group>"; };
		C1F8E6CC240FC7BD00D531DB /* Base */ = {isa = PBXFileReference; lastKnownFileType = file.storyboard; name = Base; path = Base.lproj/LaunchScreen.storyboard; sourceTree = "<group>"; };
		C1F8E6CE240FC7BD00D531DB /* Info.plist */ = {isa = PBXFileReference; lastKnownFileType = text.plist.xml; path = Info.plist; sourceTree = "<group>"; };
/* End PBXFileReference section */

/* Begin PBXFrameworksBuildPhase section */
		C1F8E6BC240FC7BC00D531DB /* Frameworks */ = {
			isa = PBXFrameworksBuildPhase;
			buildActionMask = 2147483647;
			files = (
			);
			runOnlyForDeploymentPostprocessing = 0;
		};
/* End PBXFrameworksBuildPhase section */

/* Begin PBXGroup section */
		C1F8E6B6240FC7BC00D531DB = {
			isa = PBXGroup;
			children = (
				C1F8E6C1240FC7BD00D531DB /* consentration */,
				C1F8E6C0240FC7BD00D531DB /* Products */,
			);
			sourceTree = "<group>";
		};
		C1F8E6C0240FC7BD00D531DB /* Products */ = {
			isa = PBXGroup;
			children = (
				C1F8E6BF240FC7BD00D531DB /* consentration.app */,
			);
			name = Products;
			sourceTree = "<group>";
		};
		C1F8E6C1240FC7BD00D531DB /* consentration */ = {
			isa = PBXGroup;
			children = (
				C1F8E6C2240FC7BD00D531DB /* AppDelegate.swift */,
				C1F8E6C4240FC7BD00D531DB /* ConsentrationViewControler.swift */,
				C1F8E6C6240FC7BD00D531DB /* Main.storyboard */,
				C1DBF65724352D03009D82D9 /* ConsentrationThemeChooserViewController.swift */,
				C114A1A42410024C0014266E /* consentration.swift */,
				C114A1A6241003040014266E /* Card.swift */,
				C1F8E6C9240FC7BD00D531DB /* Assets.xcassets */,
				C1F8E6CB240FC7BD00D531DB /* LaunchScreen.storyboard */,
				C1F8E6CE240FC7BD00D531DB /* Info.plist */,
			);
			path = consentration;
			sourceTree = "<group>";
		};
/* End PBXGroup section */

/* Begin PBXNativeTarget section */
		C1F8E6BE240FC7BC00D531DB /* consentration */ = {
			isa = PBXNativeTarget;
			buildConfigurationList = C1F8E6D1240FC7BD00D531DB /* Build configuration list for PBXNativeTarget "consentration" */;
			buildPhases = (
				C1F8E6BB240FC7BC00D531DB /* Sources */,
				C1F8E6BC240FC7BC00D531DB /* Frameworks */,
				C1F8E6BD240FC7BC00D531DB /* Resources */,
			);
			buildRules = (
			);
			dependencies = (
			);
			name = consentration;
			productName = consentration;
			productReference = C1F8E6BF240FC7BD00D531DB /* consentration.app */;
			productType = "com.apple.product-type.application";
		};
/* End PBXNativeTarget section */

/* Begin PBXProject section */
		C1F8E6B7240FC7BC00D531DB /* Project object */ = {
			isa = PBXProject;
			attributes = {
				LastSwiftUpdateCheck = 0920;
				LastUpgradeCheck = 1130;
				ORGANIZATIONNAME = "kerollos nabil";
				TargetAttributes = {
					C1F8E6BE240FC7BC00D531DB = {
						CreatedOnToolsVersion = 9.2;
						LastSwiftMigration = 1130;
						ProvisioningStyle = Automatic;
					};
				};
			};
			buildConfigurationList = C1F8E6BA240FC7BC00D531DB /* Build configuration list for PBXProject "consentration" */;
			compatibilityVersion = "Xcode 8.0";
			developmentRegion = en;
			hasScannedForEncodings = 0;
			knownRegions = (
				en,
				Base,
			);
			mainGroup = C1F8E6B6240FC7BC00D531DB;
			productRefGroup = C1F8E6C0240FC7BD00D531DB /* Products */;
			projectDirPath = "";
			projectRoot = "";
			targets = (
				C1F8E6BE240FC7BC00D531DB /* consentration */,
			);
		};
/* End PBXProject section */

/* Begin PBXResourcesBuildPhase section */
		C1F8E6BD240FC7BC00D531DB /* Resources */ = {
			isa = PBXResourcesBuildPhase;
			buildActionMask = 2147483647;
			files = (
				C1F8E6CD240FC7BD00D531DB /* LaunchScreen.storyboard in Resources */,
				C1F8E6CA240FC7BD00D531DB /* Assets.xcassets in Resources */,
				C1F8E6C8240FC7BD00D531DB /* Main.storyboard in Resources */,
			);
			runOnlyForDeploymentPostprocessing = 0;
		};
/* End PBXResourcesBuildPhase section */

/* Begin PBXSourcesBuildPhase section */
		C1F8E6BB240FC7BC00D531DB /* Sources */ = {
			isa = PBXSourcesBuildPhase;
			buildActionMask = 2147483647;
			files = (
				C1F8E6C5240FC7BD00D531DB /* ConsentrationViewControler.swift in Sources */,
				C1F8E6C3240FC7BD00D531DB /* AppDelegate.swift in Sources */,
				C1DBF65824352D03009D82D9 /* ConsentrationThemeChooserViewController.swift in Sources */,
				C114A1A52410024C0014266E /* consentration.swift in Sources */,
				C114A1A7241003040014266E /* Card.swift in Sources */,
			);
			runOnlyForDeploymentPostprocessing = 0;
		};
/* End PBXSourcesBuildPhase section */

/* Begin PBXVariantGroup section */
		C1F8E6C6240FC7BD00D531DB /* Main.storyboard */ = {
			isa = PBXVariantGroup;
			children = (
				C1F8E6C7240FC7BD00D531DB /* Base */,
			);
			name = Main.storyboard;
			sourceTree = "<group>";
		};
		C1F8E6CB240FC7BD00D531DB /* LaunchScreen.storyboard */ = {
			isa = PBXVariantGroup;
			children = (
				C1F8E6CC240FC7BD00D531DB /* Base */,
			);
			name = LaunchScreen.storyboard;
			sourceTree = "<group>";
		};
/* End PBXVariantGroup section */

/* Begin XCBuildConfiguration section */
		C1F8E6CF240FC7BD00D531DB /* Debug */ = {
			isa = XCBuildConfiguration;
			buildSettings = {
				ALWAYS_SEARCH_USER_PATHS = NO;
				CLANG_ANALYZER_NONNULL = YES;
				CLANG_ANALYZER_NUMBER_OBJECT_CONVERSION = YES_AGGRESSIVE;
				CLANG_CXX_LANGUAGE_STANDARD = "gnu++14";
				CLANG_CXX_LIBRARY = "libc++";
				CLANG_ENABLE_MODULES = YES;
				CLANG_ENABLE_OBJC_ARC = YES;
				CLANG_WARN_BLOCK_CAPTURE_AUTORELEASING = YES;
				CLANG_WARN_BOOL_CONVERSION = YES;
				CLANG_WARN_COMMA = YES;
				CLANG_WARN_CONSTANT_CONVERSION = YES;
				CLANG_WARN_DEPRECATED_OBJC_IMPLEMENTATIONS = YES;
				CLANG_WARN_DIRECT_OBJC_ISA_USAGE = YES_ERROR;
				CLANG_WARN_DOCUMENTATION_COMMENTS = YES;
				CLANG_WARN_EMPTY_BODY = YES;
				CLANG_WARN_ENUM_CONVERSION = YES;
				CLANG_WARN_INFINITE_RECURSION = YES;
				CLANG_WARN_INT_CONVERSION = YES;
				CLANG_WARN_NON_LITERAL_NULL_CONVERSION = YES;
				CLANG_WARN_OBJC_IMPLICIT_RETAIN_SELF = YES;
				CLANG_WARN_OBJC_LITERAL_CONVERSION = YES;
				CLANG_WARN_OBJC_ROOT_CLASS = YES_ERROR;
				CLANG_WARN_RANGE_LOOP_ANALYSIS = YES;
				CLANG_WARN_STRICT_PROTOTYPES = YES;
				CLANG_WARN_SUSPICIOUS_MOVE = YES;
				CLANG_WARN_UNGUARDED_AVAILABILITY = YES_AGGRESSIVE;
				CLANG_WARN_UNREACHABLE_CODE = YES;
				CLANG_WARN__DUPLICATE_METHOD_MATCH = YES;
				CODE_SIGN_IDENTITY = "iPhone Developer";
				COPY_PHASE_STRIP = NO;
				DEBUG_INFORMATION_FORMAT = dwarf;
				ENABLE_STRICT_OBJC_MSGSEND = YES;
				ENABLE_TESTABILITY = YES;
				GCC_C_LANGUAGE_STANDARD = gnu11;
				GCC_DYNAMIC_NO_PIC = NO;
				GCC_NO_COMMON_BLOCKS = YES;
				GCC_OPTIMIZATION_LEVEL = 0;
				GCC_PREPROCESSOR_DEFINITIONS = (
					"DEBUG=1",
					"$(inherited)",
				);
				GCC_WARN_64_TO_32_BIT_CONVERSION = YES;
				GCC_WARN_ABOUT_RETURN_TYPE = YES_ERROR;
				GCC_WARN_UNDECLARED_SELECTOR = YES;
				GCC_WARN_UNINITIALIZED_AUTOS = YES_AGGRESSIVE;
				GCC_WARN_UNUSED_FUNCTION = YES;
				GCC_WARN_UNUSED_VARIABLE = YES;
				IPHONEOS_DEPLOYMENT_TARGET = 11.2;
				MTL_ENABLE_DEBUG_INFO = YES;
				ONLY_ACTIVE_ARCH = YES;
				SDKROOT = iphoneos;
				SWIFT_ACTIVE_COMPILATION_CONDITIONS = DEBUG;
				SWIFT_OPTIMIZATION_LEVEL = "-Onone";
			};
			name = Debug;
		};
		C1F8E6D0240FC7BD00D531DB /* Release */ = {
			isa = XCBuildConfiguration;
			buildSettings = {
				ALWAYS_SEARCH_USER_PATHS = NO;
				CLANG_ANALYZER_NONNULL = YES;
				CLANG_ANALYZER_NUMBER_OBJECT_CONVERSION = YES_AGGRESSIVE;
				CLANG_CXX_LANGUAGE_STANDARD = "gnu++14";
				CLANG_CXX_LIBRARY = "libc++";
				CLANG_ENABLE_MODULES = YES;
				CLANG_ENABLE_OBJC_ARC = YES;
				CLANG_WARN_BLOCK_CAPTURE_AUTORELEASING = YES;
				CLANG_WARN_BOOL_CONVERSION = YES;
				CLANG_WARN_COMMA = YES;
				CLANG_WARN_CONSTANT_CONVERSION = YES;
				CLANG_WARN_DEPRECATED_OBJC_IMPLEMENTATIONS = YES;
				CLANG_WARN_DIRECT_OBJC_ISA_USAGE = YES_ERROR;
				CLANG_WARN_DOCUMENTATION_COMMENTS = YES;
				CLANG_WARN_EMPTY_BODY = YES;
				CLANG_WARN_ENUM_CONVERSION = YES;
				CLANG_WARN_INFINITE_RECURSION = YES;
				CLANG_WARN_INT_CONVERSION = YES;
				CLANG_WARN_NON_LITERAL_NULL_CONVERSION = YES;
				CLANG_WARN_OBJC_IMPLICIT_RETAIN_SELF = YES;
				CLANG_WARN_OBJC_LITERAL_CONVERSION = YES;
				CLANG_WARN_OBJC_ROOT_CLASS = YES_ERROR;
				CLANG_WARN_RANGE_LOOP_ANALYSIS = YES;
				CLANG_WARN_STRICT_PROTOTYPES = YES;
				CLANG_WARN_SUSPICIOUS_MOVE = YES;
				CLANG_WARN_UNGUARDED_AVAILABILITY = YES_AGGRESSIVE;
				CLANG_WARN_UNREACHABLE_CODE = YES;
				CLANG_WARN__DUPLICATE_METHOD_MATCH = YES;
				CODE_SIGN_IDENTITY = "iPhone Developer";
				COPY_PHASE_STRIP = NO;
				DEBUG_INFORMATION_FORMAT = "dwarf-with-dsym";
				ENABLE_NS_ASSERTIONS = NO;
				ENABLE_STRICT_OBJC_MSGSEND = YES;
				GCC_C_LANGUAGE_STANDARD = gnu11;
				GCC_NO_COMMON_BLOCKS = YES;
				GCC_WARN_64_TO_32_BIT_CONVERSION = YES;
				GCC_WARN_ABOUT_RETURN_TYPE = YES_ERROR;
				GCC_WARN_UNDECLARED_SELECTOR = YES;
				GCC_WARN_UNINITIALIZED_AUTOS = YES_AGGRESSIVE;
				GCC_WARN_UNUSED_FUNCTION = YES;
				GCC_WARN_UNUSED_VARIABLE = YES;
				IPHONEOS_DEPLOYMENT_TARGET = 11.2;
				MTL_ENABLE_DEBUG_INFO = NO;
				SDKROOT = iphoneos;
				SWIFT_OPTIMIZATION_LEVEL = "-Owholemodule";
				VALIDATE_PRODUCT = YES;
			};
			name = Release;
		};
		C1F8E6D2240FC7BD00D531DB /* Debug */ = {
			isa = XCBuildConfiguration;
			buildSettings = {
				ASSETCATALOG_COMPILER_APPICON_NAME = AppIcon;
				CODE_SIGN_STYLE = Automatic;
				INFOPLIST_FILE = consentration/Info.plist;
				LD_RUNPATH_SEARCH_PATHS = "$(inherited) @executable_path/Frameworks";
				PRODUCT_BUNDLE_IDENTIFIER = iti.consentration;
				PRODUCT_NAME = "$(TARGET_NAME)";
				SWIFT_VERSION = 5.0;
				TARGETED_DEVICE_FAMILY = "1,2";
			};
			name = Debug;
		};
		C1F8E6D3240FC7BD00D531DB /* Release */ = {
			isa = XCBuildConfiguration;
			buildSettings = {
				ASSETCATALOG_COMPILER_APPICON_NAME = AppIcon;
				CODE_SIGN_STYLE = Automatic;
				INFOPLIST_FILE = consentration/Info.plist;
				LD_RUNPATH_SEARCH_PATHS = "$(inherited) @executable_path/Frameworks";
				PRODUCT_BUNDLE_IDENTIFIER = iti.consentration;
				PRODUCT_NAME = "$(TARGET_NAME)";
				SWIFT_VERSION = 5.0;
				TARGETED_DEVICE_FAMILY = "1,2";
			};
			name = Release;
		};
/* End XCBuildConfiguration section */

/* Begin XCConfigurationList section */
		C1F8E6BA240FC7BC00D531DB /* Build configuration list for PBXProject "consentration" */ = {
			isa = XCConfigurationList;
			buildConfigurations = (
				C1F8E6CF240FC7BD00D531DB /* Debug */,
				C1F8E6D0240FC7BD00D531DB /* Release */,
			);
			defaultConfigurationIsVisible = 0;
			defaultConfigurationName = Release;
		};
		C1F8E6D1240FC7BD00D531DB /* Build configuration list for PBXNativeTarget "consentration" */ = {
			isa = XCConfigurationList;
			buildConfigurations = (
				C1F8E6D2240FC7BD00D531DB /* Debug */,
				C1F8E6D3240FC7BD00D531DB /* Release */,
			);
			defaultConfigurationIsVisible = 0;
			defaultConfigurationName = Release;
		};
/* End XCConfigurationList section */
	};
	rootObject = C1F8E6B7240FC7BC00D531DB /* Project object */;
}
